// !$*UTF8*$!
{
	archiveVersion = 1;
	classes = {
	};
	objectVersion = 46;
	objects = {

/* Begin PBXBuildFile section */
		5428F3CF1887896D00BBFE8F /* UIAlertView+Blocks.m in Sources */ = {isa = PBXBuildFile; fileRef = 5428F3CE1887896D00BBFE8F /* UIAlertView+Blocks.m */; };
		5439FF2A18861D96006CC0A7 /* Foundation.framework in Frameworks */ = {isa = PBXBuildFile; fileRef = 5439FF2918861D96006CC0A7 /* Foundation.framework */; };
		5439FF2C18861D96006CC0A7 /* CoreGraphics.framework in Frameworks */ = {isa = PBXBuildFile; fileRef = 5439FF2B18861D96006CC0A7 /* CoreGraphics.framework */; };
		5439FF2E18861D96006CC0A7 /* UIKit.framework in Frameworks */ = {isa = PBXBuildFile; fileRef = 5439FF2D18861D96006CC0A7 /* UIKit.framework */; };
		5439FF3418861D96006CC0A7 /* InfoPlist.strings in Resources */ = {isa = PBXBuildFile; fileRef = 5439FF3218861D96006CC0A7 /* InfoPlist.strings */; };
		5439FF3618861D96006CC0A7 /* main.m in Sources */ = {isa = PBXBuildFile; fileRef = 5439FF3518861D96006CC0A7 /* main.m */; };
		5439FF3A18861D96006CC0A7 /* AppDelegate.m in Sources */ = {isa = PBXBuildFile; fileRef = 5439FF3918861D96006CC0A7 /* AppDelegate.m */; };
		5439FF3D18861D96006CC0A7 /* Main.storyboard in Resources */ = {isa = PBXBuildFile; fileRef = 5439FF3B18861D96006CC0A7 /* Main.storyboard */; };
		5439FF4018861D96006CC0A7 /* ViewController.m in Sources */ = {isa = PBXBuildFile; fileRef = 5439FF3F18861D96006CC0A7 /* ViewController.m */; };
		5439FF4218861D96006CC0A7 /* Images.xcassets in Resources */ = {isa = PBXBuildFile; fileRef = 5439FF4118861D96006CC0A7 /* Images.xcassets */; };
		5439FF4918861D96006CC0A7 /* XCTest.framework in Frameworks */ = {isa = PBXBuildFile; fileRef = 5439FF4818861D96006CC0A7 /* XCTest.framework */; };
		5439FF4A18861D96006CC0A7 /* Foundation.framework in Frameworks */ = {isa = PBXBuildFile; fileRef = 5439FF2918861D96006CC0A7 /* Foundation.framework */; };
		5439FF4B18861D96006CC0A7 /* UIKit.framework in Frameworks */ = {isa = PBXBuildFile; fileRef = 5439FF2D18861D96006CC0A7 /* UIKit.framework */; };
		5439FF5318861D97006CC0A7 /* InfoPlist.strings in Resources */ = {isa = PBXBuildFile; fileRef = 5439FF5118861D97006CC0A7 /* InfoPlist.strings */; };
		5439FF5518861D97006CC0A7 /* MatchismoTests.m in Sources */ = {isa = PBXBuildFile; fileRef = 5439FF5418861D97006CC0A7 /* MatchismoTests.m */; };
		5439FF6018861DB8006CC0A7 /* Card.m in Sources */ = {isa = PBXBuildFile; fileRef = 5439FF5F18861DB8006CC0A7 /* Card.m */; };
		5439FF6318861F1A006CC0A7 /* Deck.m in Sources */ = {isa = PBXBuildFile; fileRef = 5439FF6218861F1A006CC0A7 /* Deck.m */; };
		5439FF66188621A5006CC0A7 /* PlayingCard.m in Sources */ = {isa = PBXBuildFile; fileRef = 5439FF65188621A5006CC0A7 /* PlayingCard.m */; };
		5439FF69188628D6006CC0A7 /* PlayingCardDeck.m in Sources */ = {isa = PBXBuildFile; fileRef = 5439FF68188628D6006CC0A7 /* PlayingCardDeck.m */; };
		547838AE1886385500780AF6 /* CardMatchingGame.m in Sources */ = {isa = PBXBuildFile; fileRef = 547838AD1886385500780AF6 /* CardMatchingGame.m */; };
		54B6D0391888FED500578DAC /* PlayingCardGameViewController.m in Sources */ = {isa = PBXBuildFile; fileRef = 54B6D0381888FED500578DAC /* PlayingCardGameViewController.m */; };
		54B6D03D1889015200578DAC /* SetCard.m in Sources */ = {isa = PBXBuildFile; fileRef = 54B6D03C1889015200578DAC /* SetCard.m */; };
		54B6D0401889017900578DAC /* SetCardDeck.m in Sources */ = {isa = PBXBuildFile; fileRef = 54B6D03F1889017900578DAC /* SetCardDeck.m */; };
		54B6D046188912BA00578DAC /* SetCardGameViewController.m in Sources */ = {isa = PBXBuildFile; fileRef = 54B6D045188912BA00578DAC /* SetCardGameViewController.m */; };
		550DA71118B4A26A0086ACD2 /* Grid.m in Sources */ = {isa = PBXBuildFile; fileRef = 550DA71018B4A26A0086ACD2 /* Grid.m */; };
		55861FB318B1AC6600C292FE /* PlayingCardView.m in Sources */ = {isa = PBXBuildFile; fileRef = 55861FB218B1AC6600C292FE /* PlayingCardView.m */; };
		55861FB618B1AC8200C292FE /* CardView.m in Sources */ = {isa = PBXBuildFile; fileRef = 55861FB518B1AC8200C292FE /* CardView.m */; };
		55FDA42418B458EC00E9FEC9 /* SetCardView.m in Sources */ = {isa = PBXBuildFile; fileRef = 55FDA42318B458EC00E9FEC9 /* SetCardView.m */; };
		600F935518A7E2C400E43860 /* ScoreDataTableCell.m in Sources */ = {isa = PBXBuildFile; fileRef = 600F935418A7E2C400E43860 /* ScoreDataTableCell.m */; };
		600F935818A7E43F00E43860 /* HighScoresViewController.m in Sources */ = {isa = PBXBuildFile; fileRef = 600F935718A7E43F00E43860 /* HighScoresViewController.m */; };
		6072CD04188D699C00F5D2CB /* HistoryViewController.m in Sources */ = {isa = PBXBuildFile; fileRef = 6072CD03188D699C00F5D2CB /* HistoryViewController.m */; };
/* End PBXBuildFile section */

/* Begin PBXContainerItemProxy section */
		5439FF4C18861D97006CC0A7 /* PBXContainerItemProxy */ = {
			isa = PBXContainerItemProxy;
			containerPortal = 5439FF1E18861D96006CC0A7 /* Project object */;
			proxyType = 1;
			remoteGlobalIDString = 5439FF2518861D96006CC0A7;
			remoteInfo = Matchismo;
		};
/* End PBXContainerItemProxy section */

/* Begin PBXFileReference section */
		5428F3CD1887896D00BBFE8F /* UIAlertView+Blocks.h */ = {isa = PBXFileReference; fileEncoding = 4; lastKnownFileType = sourcecode.c.h; name = "UIAlertView+Blocks.h"; path = "UIAlertView+Blocks/UIAlertView+Blocks.h"; sourceTree = SOURCE_ROOT; };
		5428F3CE1887896D00BBFE8F /* UIAlertView+Blocks.m */ = {isa = PBXFileReference; fileEncoding = 4; lastKnownFileType = sourcecode.c.objc; name = "UIAlertView+Blocks.m"; path = "UIAlertView+Blocks/UIAlertView+Blocks.m"; sourceTree = SOURCE_ROOT; };
		5439FF2618861D96006CC0A7 /* Matchismo.app */ = {isa = PBXFileReference; explicitFileType = wrapper.application; includeInIndex = 0; path = Matchismo.app; sourceTree = BUILT_PRODUCTS_DIR; };
		5439FF2918861D96006CC0A7 /* Foundation.framework */ = {isa = PBXFileReference; lastKnownFileType = wrapper.framework; name = Foundation.framework; path = System/Library/Frameworks/Foundation.framework; sourceTree = SDKROOT; };
		5439FF2B18861D96006CC0A7 /* CoreGraphics.framework */ = {isa = PBXFileReference; lastKnownFileType = wrapper.framework; name = CoreGraphics.framework; path = System/Library/Frameworks/CoreGraphics.framework; sourceTree = SDKROOT; };
		5439FF2D18861D96006CC0A7 /* UIKit.framework */ = {isa = PBXFileReference; lastKnownFileType = wrapper.framework; name = UIKit.framework; path = System/Library/Frameworks/UIKit.framework; sourceTree = SDKROOT; };
		5439FF3118861D96006CC0A7 /* Matchismo-Info.plist */ = {isa = PBXFileReference; lastKnownFileType = text.plist.xml; path = "Matchismo-Info.plist"; sourceTree = "<group>"; };
		5439FF3318861D96006CC0A7 /* en */ = {isa = PBXFileReference; lastKnownFileType = text.plist.strings; name = en; path = en.lproj/InfoPlist.strings; sourceTree = "<group>"; };
		5439FF3518861D96006CC0A7 /* main.m */ = {isa = PBXFileReference; lastKnownFileType = sourcecode.c.objc; path = main.m; sourceTree = "<group>"; };
		5439FF3718861D96006CC0A7 /* Matchismo-Prefix.pch */ = {isa = PBXFileReference; lastKnownFileType = sourcecode.c.h; path = "Matchismo-Prefix.pch"; sourceTree = "<group>"; };
		5439FF3818861D96006CC0A7 /* AppDelegate.h */ = {isa = PBXFileReference; lastKnownFileType = sourcecode.c.h; path = AppDelegate.h; sourceTree = "<group>"; };
		5439FF3918861D96006CC0A7 /* AppDelegate.m */ = {isa = PBXFileReference; lastKnownFileType = sourcecode.c.objc; path = AppDelegate.m; sourceTree = "<group>"; };
		5439FF3C18861D96006CC0A7 /* Base */ = {isa = PBXFileReference; lastKnownFileType = file.storyboard; name = Base; path = Base.lproj/Main.storyboard; sourceTree = "<group>"; };
		5439FF3E18861D96006CC0A7 /* ViewController.h */ = {isa = PBXFileReference; lastKnownFileType = sourcecode.c.h; path = ViewController.h; sourceTree = "<group>"; };
		5439FF3F18861D96006CC0A7 /* ViewController.m */ = {isa = PBXFileReference; lastKnownFileType = sourcecode.c.objc; path = ViewController.m; sourceTree = "<group>"; };
		5439FF4118861D96006CC0A7 /* Images.xcassets */ = {isa = PBXFileReference; lastKnownFileType = folder.assetcatalog; path = Images.xcassets; sourceTree = "<group>"; };
		5439FF4718861D96006CC0A7 /* MatchismoTests.xctest */ = {isa = PBXFileReference; explicitFileType = wrapper.cfbundle; includeInIndex = 0; path = MatchismoTests.xctest; sourceTree = BUILT_PRODUCTS_DIR; };
		5439FF4818861D96006CC0A7 /* XCTest.framework */ = {isa = PBXFileReference; lastKnownFileType = wrapper.framework; name = XCTest.framework; path = Library/Frameworks/XCTest.framework; sourceTree = DEVELOPER_DIR; };
		5439FF5018861D97006CC0A7 /* MatchismoTests-Info.plist */ = {isa = PBXFileReference; lastKnownFileType = text.plist.xml; path = "MatchismoTests-Info.plist"; sourceTree = "<group>"; };
		5439FF5218861D97006CC0A7 /* en */ = {isa = PBXFileReference; lastKnownFileType = text.plist.strings; name = en; path = en.lproj/InfoPlist.strings; sourceTree = "<group>"; };
		5439FF5418861D97006CC0A7 /* MatchismoTests.m */ = {isa = PBXFileReference; lastKnownFileType = sourcecode.c.objc; path = MatchismoTests.m; sourceTree = "<group>"; };
		5439FF5E18861DB8006CC0A7 /* Card.h */ = {isa = PBXFileReference; fileEncoding = 4; lastKnownFileType = sourcecode.c.h; path = Card.h; sourceTree = "<group>"; };
		5439FF5F18861DB8006CC0A7 /* Card.m */ = {isa = PBXFileReference; fileEncoding = 4; lastKnownFileType = sourcecode.c.objc; path = Card.m; sourceTree = "<group>"; };
		5439FF6118861F1A006CC0A7 /* Deck.h */ = {isa = PBXFileReference; fileEncoding = 4; lastKnownFileType = sourcecode.c.h; path = Deck.h; sourceTree = "<group>"; };
		5439FF6218861F1A006CC0A7 /* Deck.m */ = {isa = PBXFileReference; fileEncoding = 4; lastKnownFileType = sourcecode.c.objc; path = Deck.m; sourceTree = "<group>"; };
		5439FF64188621A5006CC0A7 /* PlayingCard.h */ = {isa = PBXFileReference; fileEncoding = 4; lastKnownFileType = sourcecode.c.h; path = PlayingCard.h; sourceTree = "<group>"; };
		5439FF65188621A5006CC0A7 /* PlayingCard.m */ = {isa = PBXFileReference; fileEncoding = 4; lastKnownFileType = sourcecode.c.objc; path = PlayingCard.m; sourceTree = "<group>"; };
		5439FF67188628D6006CC0A7 /* PlayingCardDeck.h */ = {isa = PBXFileReference; fileEncoding = 4; lastKnownFileType = sourcecode.c.h; path = PlayingCardDeck.h; sourceTree = "<group>"; };
		5439FF68188628D6006CC0A7 /* PlayingCardDeck.m */ = {isa = PBXFileReference; fileEncoding = 4; lastKnownFileType = sourcecode.c.objc; path = PlayingCardDeck.m; sourceTree = "<group>"; };
		547838AC1886385500780AF6 /* CardMatchingGame.h */ = {isa = PBXFileReference; fileEncoding = 4; lastKnownFileType = sourcecode.c.h; path = CardMatchingGame.h; sourceTree = "<group>"; };
		547838AD1886385500780AF6 /* CardMatchingGame.m */ = {isa = PBXFileReference; fileEncoding = 4; lastKnownFileType = sourcecode.c.objc; path = CardMatchingGame.m; sourceTree = "<group>"; };
		54B6D0371888FED500578DAC /* PlayingCardGameViewController.h */ = {isa = PBXFileReference; fileEncoding = 4; lastKnownFileType = sourcecode.c.h; path = PlayingCardGameViewController.h; sourceTree = "<group>"; };
		54B6D0381888FED500578DAC /* PlayingCardGameViewController.m */ = {isa = PBXFileReference; fileEncoding = 4; lastKnownFileType = sourcecode.c.objc; path = PlayingCardGameViewController.m; sourceTree = "<group>"; };
		54B6D03B1889015200578DAC /* SetCard.h */ = {isa = PBXFileReference; fileEncoding = 4; lastKnownFileType = sourcecode.c.h; path = SetCard.h; sourceTree = "<group>"; };
		54B6D03C1889015200578DAC /* SetCard.m */ = {isa = PBXFileReference; fileEncoding = 4; lastKnownFileType = sourcecode.c.objc; path = SetCard.m; sourceTree = "<group>"; };
		54B6D03E1889017900578DAC /* SetCardDeck.h */ = {isa = PBXFileReference; fileEncoding = 4; lastKnownFileType = sourcecode.c.h; path = SetCardDeck.h; sourceTree = "<group>"; };
		54B6D03F1889017900578DAC /* SetCardDeck.m */ = {isa = PBXFileReference; fileEncoding = 4; lastKnownFileType = sourcecode.c.objc; path = SetCardDeck.m; sourceTree = "<group>"; };
		54B6D044188912BA00578DAC /* SetCardGameViewController.h */ = {isa = PBXFileReference; fileEncoding = 4; lastKnownFileType = sourcecode.c.h; path = SetCardGameViewController.h; sourceTree = "<group>"; };
		54B6D045188912BA00578DAC /* SetCardGameViewController.m */ = {isa = PBXFileReference; fileEncoding = 4; lastKnownFileType = sourcecode.c.objc; path = SetCardGameViewController.m; sourceTree = "<group>"; };
		550DA70F18B4A26A0086ACD2 /* Grid.h */ = {isa = PBXFileReference; fileEncoding = 4; lastKnownFileType = sourcecode.c.h; path = Grid.h; sourceTree = "<group>"; };
		550DA71018B4A26A0086ACD2 /* Grid.m */ = {isa = PBXFileReference; fileEncoding = 4; lastKnownFileType = sourcecode.c.objc; path = Grid.m; sourceTree = "<group>"; };
		55861FB118B1AC6600C292FE /* PlayingCardView.h */ = {isa = PBXFileReference; fileEncoding = 4; lastKnownFileType = sourcecode.c.h; path = PlayingCardView.h; sourceTree = "<group>"; };
		55861FB218B1AC6600C292FE /* PlayingCardView.m */ = {isa = PBXFileReference; fileEncoding = 4; lastKnownFileType = sourcecode.c.objc; path = PlayingCardView.m; sourceTree = "<group>"; };
		55861FB418B1AC8200C292FE /* CardView.h */ = {isa = PBXFileReference; fileEncoding = 4; lastKnownFileType = sourcecode.c.h; path = CardView.h; sourceTree = "<group>"; };
		55861FB518B1AC8200C292FE /* CardView.m */ = {isa = PBXFileReference; fileEncoding = 4; lastKnownFileType = sourcecode.c.objc; path = CardView.m; sourceTree = "<group>"; };
		55FDA42218B458EC00E9FEC9 /* SetCardView.h */ = {isa = PBXFileReference; fileEncoding = 4; lastKnownFileType = sourcecode.c.h; path = SetCardView.h; sourceTree = "<group>"; };
		55FDA42318B458EC00E9FEC9 /* SetCardView.m */ = {isa = PBXFileReference; fileEncoding = 4; lastKnownFileType = sourcecode.c.objc; path = SetCardView.m; sourceTree = "<group>"; };
		600F935318A7E2C400E43860 /* ScoreDataTableCell.h */ = {isa = PBXFileReference; fileEncoding = 4; lastKnownFileType = sourcecode.c.h; path = ScoreDataTableCell.h; sourceTree = "<group>"; };
		600F935418A7E2C400E43860 /* ScoreDataTableCell.m */ = {isa = PBXFileReference; fileEncoding = 4; lastKnownFileType = sourcecode.c.objc; path = ScoreDataTableCell.m; sourceTree = "<group>"; };
		600F935618A7E43F00E43860 /* HighScoresViewController.h */ = {isa = PBXFileReference; fileEncoding = 4; lastKnownFileType = sourcecode.c.h; path = HighScoresViewController.h; sourceTree = "<group>"; };
		600F935718A7E43F00E43860 /* HighScoresViewController.m */ = {isa = PBXFileReference; fileEncoding = 4; lastKnownFileType = sourcecode.c.objc; path = HighScoresViewController.m; sourceTree = "<group>"; };
		6072CD02188D699C00F5D2CB /* HistoryViewController.h */ = {isa = PBXFileReference; fileEncoding = 4; lastKnownFileType = sourcecode.c.h; path = HistoryViewController.h; sourceTree = "<group>"; };
		6072CD03188D699C00F5D2CB /* HistoryViewController.m */ = {isa = PBXFileReference; fileEncoding = 4; lastKnownFileType = sourcecode.c.objc; path = HistoryViewController.m; sourceTree = "<group>"; };
/* End PBXFileReference section */

/* Begin PBXFrameworksBuildPhase section */
		5439FF2318861D96006CC0A7 /* Frameworks */ = {
			isa = PBXFrameworksBuildPhase;
			buildActionMask = 2147483647;
			files = (
				5439FF2C18861D96006CC0A7 /* CoreGraphics.framework in Frameworks */,
				5439FF2E18861D96006CC0A7 /* UIKit.framework in Frameworks */,
				5439FF2A18861D96006CC0A7 /* Foundation.framework in Frameworks */,
			);
			runOnlyForDeploymentPostprocessing = 0;
		};
		5439FF4418861D96006CC0A7 /* Frameworks */ = {
			isa = PBXFrameworksBuildPhase;
			buildActionMask = 2147483647;
			files = (
				5439FF4918861D96006CC0A7 /* XCTest.framework in Frameworks */,
				5439FF4B18861D96006CC0A7 /* UIKit.framework in Frameworks */,
				5439FF4A18861D96006CC0A7 /* Foundation.framework in Frameworks */,
			);
			runOnlyForDeploymentPostprocessing = 0;
		};
/* End PBXFrameworksBuildPhase section */

/* Begin PBXGroup section */
		5428F3CB188788FB00BBFE8F /* 3rdParty */ = {
			isa = PBXGroup;
			children = (
				550DA70E18B4A25A0086ACD2 /* Grid */,
				5428F3CC1887895C00BBFE8F /* UIAlertView+Blocks */,
			);
			name = 3rdParty;
			sourceTree = "<group>";
		};
		5428F3CC1887895C00BBFE8F /* UIAlertView+Blocks */ = {
			isa = PBXGroup;
			children = (
				5428F3CD1887896D00BBFE8F /* UIAlertView+Blocks.h */,
				5428F3CE1887896D00BBFE8F /* UIAlertView+Blocks.m */,
			);
			name = "UIAlertView+Blocks";
			sourceTree = "<group>";
		};
		5439FF1D18861D96006CC0A7 = {
			isa = PBXGroup;
			children = (
				5439FF2F18861D96006CC0A7 /* Matchismo */,
				5439FF4E18861D97006CC0A7 /* MatchismoTests */,
				5439FF2818861D96006CC0A7 /* Frameworks */,
				5439FF2718861D96006CC0A7 /* Products */,
			);
			sourceTree = "<group>";
		};
		5439FF2718861D96006CC0A7 /* Products */ = {
			isa = PBXGroup;
			children = (
				5439FF2618861D96006CC0A7 /* Matchismo.app */,
				5439FF4718861D96006CC0A7 /* MatchismoTests.xctest */,
			);
			name = Products;
			sourceTree = "<group>";
		};
		5439FF2818861D96006CC0A7 /* Frameworks */ = {
			isa = PBXGroup;
			children = (
				5439FF2918861D96006CC0A7 /* Foundation.framework */,
				5439FF2B18861D96006CC0A7 /* CoreGraphics.framework */,
				5439FF2D18861D96006CC0A7 /* UIKit.framework */,
				5439FF4818861D96006CC0A7 /* XCTest.framework */,
			);
			name = Frameworks;
			sourceTree = "<group>";
		};
		5439FF2F18861D96006CC0A7 /* Matchismo */ = {
			isa = PBXGroup;
			children = (
				5428F3CB188788FB00BBFE8F /* 3rdParty */,
				547838AB188633F100780AF6 /* Model */,
				54B6D03A1888FEE200578DAC /* Controller */,
				600F935218A7E26D00E43860 /* View */,
				5439FF4118861D96006CC0A7 /* Images.xcassets */,
				5439FF3018861D96006CC0A7 /* Supporting Files */,
			);
			path = Matchismo;
			sourceTree = "<group>";
		};
		5439FF3018861D96006CC0A7 /* Supporting Files */ = {
			isa = PBXGroup;
			children = (
				5439FF3818861D96006CC0A7 /* AppDelegate.h */,
				5439FF3918861D96006CC0A7 /* AppDelegate.m */,
				5439FF3118861D96006CC0A7 /* Matchismo-Info.plist */,
				5439FF3218861D96006CC0A7 /* InfoPlist.strings */,
				5439FF3518861D96006CC0A7 /* main.m */,
				5439FF3718861D96006CC0A7 /* Matchismo-Prefix.pch */,
			);
			name = "Supporting Files";
			sourceTree = "<group>";
		};
		5439FF4E18861D97006CC0A7 /* MatchismoTests */ = {
			isa = PBXGroup;
			children = (
				5439FF5418861D97006CC0A7 /* MatchismoTests.m */,
				5439FF4F18861D97006CC0A7 /* Supporting Files */,
			);
			path = MatchismoTests;
			sourceTree = "<group>";
		};
		5439FF4F18861D97006CC0A7 /* Supporting Files */ = {
			isa = PBXGroup;
			children = (
				5439FF5018861D97006CC0A7 /* MatchismoTests-Info.plist */,
				5439FF5118861D97006CC0A7 /* InfoPlist.strings */,
			);
			name = "Supporting Files";
			sourceTree = "<group>";
		};
		547838AB188633F100780AF6 /* Model */ = {
			isa = PBXGroup;
			children = (
				5439FF5E18861DB8006CC0A7 /* Card.h */,
				5439FF5F18861DB8006CC0A7 /* Card.m */,
				5439FF64188621A5006CC0A7 /* PlayingCard.h */,
				5439FF65188621A5006CC0A7 /* PlayingCard.m */,
				54B6D03B1889015200578DAC /* SetCard.h */,
				54B6D03C1889015200578DAC /* SetCard.m */,
				5439FF6118861F1A006CC0A7 /* Deck.h */,
				5439FF6218861F1A006CC0A7 /* Deck.m */,
				5439FF67188628D6006CC0A7 /* PlayingCardDeck.h */,
				5439FF68188628D6006CC0A7 /* PlayingCardDeck.m */,
				54B6D03E1889017900578DAC /* SetCardDeck.h */,
				54B6D03F1889017900578DAC /* SetCardDeck.m */,
				547838AC1886385500780AF6 /* CardMatchingGame.h */,
				547838AD1886385500780AF6 /* CardMatchingGame.m */,
			);
			name = Model;
			sourceTree = "<group>";
		};
		54B6D03A1888FEE200578DAC /* Controller */ = {
			isa = PBXGroup;
			children = (
				5439FF3E18861D96006CC0A7 /* ViewController.h */,
				5439FF3F18861D96006CC0A7 /* ViewController.m */,
				54B6D0371888FED500578DAC /* PlayingCardGameViewController.h */,
				54B6D0381888FED500578DAC /* PlayingCardGameViewController.m */,
				54B6D044188912BA00578DAC /* SetCardGameViewController.h */,
				54B6D045188912BA00578DAC /* SetCardGameViewController.m */,
				6072CD02188D699C00F5D2CB /* HistoryViewController.h */,
				6072CD03188D699C00F5D2CB /* HistoryViewController.m */,
				600F935618A7E43F00E43860 /* HighScoresViewController.h */,
				600F935718A7E43F00E43860 /* HighScoresViewController.m */,
			);
			name = Controller;
			sourceTree = "<group>";
		};
		550DA70E18B4A25A0086ACD2 /* Grid */ = {
			isa = PBXGroup;
			children = (
				550DA70F18B4A26A0086ACD2 /* Grid.h */,
				550DA71018B4A26A0086ACD2 /* Grid.m */,
			);
			name = Grid;
			sourceTree = "<group>";
		};
		600F935218A7E26D00E43860 /* View */ = {
			isa = PBXGroup;
			children = (
				55861FB418B1AC8200C292FE /* CardView.h */,
				55861FB518B1AC8200C292FE /* CardView.m */,
				55861FB118B1AC6600C292FE /* PlayingCardView.h */,
				55861FB218B1AC6600C292FE /* PlayingCardView.m */,
				55FDA42218B458EC00E9FEC9 /* SetCardView.h */,
				55FDA42318B458EC00E9FEC9 /* SetCardView.m */,
				600F935318A7E2C400E43860 /* ScoreDataTableCell.h */,
				600F935418A7E2C400E43860 /* ScoreDataTableCell.m */,
				5439FF3B18861D96006CC0A7 /* Main.storyboard */,
			);
			name = View;
			sourceTree = "<group>";
		};
/* End PBXGroup section */

/* Begin PBXNativeTarget section */
		5439FF2518861D96006CC0A7 /* Matchismo */ = {
			isa = PBXNativeTarget;
			buildConfigurationList = 5439FF5818861D97006CC0A7 /* Build configuration list for PBXNativeTarget "Matchismo" */;
			buildPhases = (
				5439FF2218861D96006CC0A7 /* Sources */,
				5439FF2318861D96006CC0A7 /* Frameworks */,
				5439FF2418861D96006CC0A7 /* Resources */,
			);
			buildRules = (
			);
			dependencies = (
			);
			name = Matchismo;
			productName = Matchismo;
			productReference = 5439FF2618861D96006CC0A7 /* Matchismo.app */;
			productType = "com.apple.product-type.application";
		};
		5439FF4618861D96006CC0A7 /* MatchismoTests */ = {
			isa = PBXNativeTarget;
			buildConfigurationList = 5439FF5B18861D97006CC0A7 /* Build configuration list for PBXNativeTarget "MatchismoTests" */;
			buildPhases = (
				5439FF4318861D96006CC0A7 /* Sources */,
				5439FF4418861D96006CC0A7 /* Frameworks */,
				5439FF4518861D96006CC0A7 /* Resources */,
			);
			buildRules = (
			);
			dependencies = (
				5439FF4D18861D97006CC0A7 /* PBXTargetDependency */,
			);
			name = MatchismoTests;
			productName = MatchismoTests;
			productReference = 5439FF4718861D96006CC0A7 /* MatchismoTests.xctest */;
			productType = "com.apple.product-type.bundle.unit-test";
		};
/* End PBXNativeTarget section */

/* Begin PBXProject section */
		5439FF1E18861D96006CC0A7 /* Project object */ = {
			isa = PBXProject;
			attributes = {
				LastUpgradeCheck = 0500;
				ORGANIZATIONNAME = acicartagena;
				TargetAttributes = {
					5439FF2518861D96006CC0A7 = {
						DevelopmentTeam = VWW575E2Q5;
					};
					5439FF4618861D96006CC0A7 = {
						TestTargetID = 5439FF2518861D96006CC0A7;
					};
				};
			};
			buildConfigurationList = 5439FF2118861D96006CC0A7 /* Build configuration list for PBXProject "Matchismo" */;
			compatibilityVersion = "Xcode 3.2";
			developmentRegion = English;
			hasScannedForEncodings = 0;
			knownRegions = (
				en,
				Base,
			);
			mainGroup = 5439FF1D18861D96006CC0A7;
			productRefGroup = 5439FF2718861D96006CC0A7 /* Products */;
			projectDirPath = "";
			projectRoot = "";
			targets = (
				5439FF2518861D96006CC0A7 /* Matchismo */,
				5439FF4618861D96006CC0A7 /* MatchismoTests */,
			);
		};
/* End PBXProject section */

/* Begin PBXResourcesBuildPhase section */
		5439FF2418861D96006CC0A7 /* Resources */ = {
			isa = PBXResourcesBuildPhase;
			buildActionMask = 2147483647;
			files = (
				5439FF4218861D96006CC0A7 /* Images.xcassets in Resources */,
				5439FF3418861D96006CC0A7 /* InfoPlist.strings in Resources */,
				5439FF3D18861D96006CC0A7 /* Main.storyboard in Resources */,
			);
			runOnlyForDeploymentPostprocessing = 0;
		};
		5439FF4518861D96006CC0A7 /* Resources */ = {
			isa = PBXResourcesBuildPhase;
			buildActionMask = 2147483647;
			files = (
				5439FF5318861D97006CC0A7 /* InfoPlist.strings in Resources */,
			);
			runOnlyForDeploymentPostprocessing = 0;
		};
/* End PBXResourcesBuildPhase section */

/* Begin PBXSourcesBuildPhase section */
		5439FF2218861D96006CC0A7 /* Sources */ = {
			isa = PBXSourcesBuildPhase;
			buildActionMask = 2147483647;
			files = (
				5439FF66188621A5006CC0A7 /* PlayingCard.m in Sources */,
				5439FF6318861F1A006CC0A7 /* Deck.m in Sources */,
				54B6D046188912BA00578DAC /* SetCardGameViewController.m in Sources */,
				600F935818A7E43F00E43860 /* HighScoresViewController.m in Sources */,
				5439FF4018861D96006CC0A7 /* ViewController.m in Sources */,
				54B6D0391888FED500578DAC /* PlayingCardGameViewController.m in Sources */,
				55861FB618B1AC8200C292FE /* CardView.m in Sources */,
				6072CD04188D699C00F5D2CB /* HistoryViewController.m in Sources */,
				5428F3CF1887896D00BBFE8F /* UIAlertView+Blocks.m in Sources */,
				55FDA42418B458EC00E9FEC9 /* SetCardView.m in Sources */,
				600F935518A7E2C400E43860 /* ScoreDataTableCell.m in Sources */,
				54B6D03D1889015200578DAC /* SetCard.m in Sources */,
				5439FF3A18861D96006CC0A7 /* AppDelegate.m in Sources */,
				55861FB318B1AC6600C292FE /* PlayingCardView.m in Sources */,
				547838AE1886385500780AF6 /* CardMatchingGame.m in Sources */,
				550DA71118B4A26A0086ACD2 /* Grid.m in Sources */,
				5439FF69188628D6006CC0A7 /* PlayingCardDeck.m in Sources */,
				54B6D0401889017900578DAC /* SetCardDeck.m in Sources */,
				5439FF3618861D96006CC0A7 /* main.m in Sources */,
				5439FF6018861DB8006CC0A7 /* Card.m in Sources */,
			);
			runOnlyForDeploymentPostprocessing = 0;
		};
		5439FF4318861D96006CC0A7 /* Sources */ = {
			isa = PBXSourcesBuildPhase;
			buildActionMask = 2147483647;
			files = (
				5439FF5518861D97006CC0A7 /* MatchismoTests.m in Sources */,
			);
			runOnlyForDeploymentPostprocessing = 0;
		};
/* End PBXSourcesBuildPhase section */

/* Begin PBXTargetDependency section */
		5439FF4D18861D97006CC0A7 /* PBXTargetDependency */ = {
			isa = PBXTargetDependency;
			target = 5439FF2518861D96006CC0A7 /* Matchismo */;
			targetProxy = 5439FF4C18861D97006CC0A7 /* PBXContainerItemProxy */;
		};
/* End PBXTargetDependency section */

/* Begin PBXVariantGroup section */
		5439FF3218861D96006CC0A7 /* InfoPlist.strings */ = {
			isa = PBXVariantGroup;
			children = (
				5439FF3318861D96006CC0A7 /* en */,
			);
			name = InfoPlist.strings;
			sourceTree = "<group>";
		};
		5439FF3B18861D96006CC0A7 /* Main.storyboard */ = {
			isa = PBXVariantGroup;
			children = (
				5439FF3C18861D96006CC0A7 /* Base */,
			);
			name = Main.storyboard;
			sourceTree = "<group>";
		};
		5439FF5118861D97006CC0A7 /* InfoPlist.strings */ = {
			isa = PBXVariantGroup;
			children = (
				5439FF5218861D97006CC0A7 /* en */,
			);
			name = InfoPlist.strings;
			sourceTree = "<group>";
		};
/* End PBXVariantGroup section */

/* Begin XCBuildConfiguration section */
		5439FF5618861D97006CC0A7 /* Debug */ = {
			isa = XCBuildConfiguration;
			buildSettings = {
				ALWAYS_SEARCH_USER_PATHS = NO;
				ARCHS = "$(ARCHS_STANDARD_INCLUDING_64_BIT)";
				CLANG_CXX_LANGUAGE_STANDARD = "gnu++0x";
				CLANG_CXX_LIBRARY = "libc++";
				CLANG_ENABLE_MODULES = YES;
				CLANG_ENABLE_OBJC_ARC = YES;
				CLANG_WARN_BOOL_CONVERSION = YES;
				CLANG_WARN_CONSTANT_CONVERSION = YES;
				CLANG_WARN_DIRECT_OBJC_ISA_USAGE = YES_ERROR;
				CLANG_WARN_EMPTY_BODY = YES;
				CLANG_WARN_ENUM_CONVERSION = YES;
				CLANG_WARN_INT_CONVERSION = YES;
				CLANG_WARN_OBJC_ROOT_CLASS = YES_ERROR;
				CLANG_WARN__DUPLICATE_METHOD_MATCH = YES;
				"CODE_SIGN_IDENTITY[sdk=iphoneos*]" = "iPhone Developer";
				COPY_PHASE_STRIP = NO;
				GCC_C_LANGUAGE_STANDARD = gnu99;
				GCC_DYNAMIC_NO_PIC = NO;
				GCC_OPTIMIZATION_LEVEL = 0;
				GCC_PREPROCESSOR_DEFINITIONS = (
					"DEBUG=1",
					"$(inherited)",
				);
				GCC_SYMBOLS_PRIVATE_EXTERN = NO;
				GCC_WARN_64_TO_32_BIT_CONVERSION = YES;
				GCC_WARN_ABOUT_RETURN_TYPE = YES_ERROR;
				GCC_WARN_UNDECLARED_SELECTOR = YES;
				GCC_WARN_UNINITIALIZED_AUTOS = YES;
				GCC_WARN_UNUSED_FUNCTION = YES;
				GCC_WARN_UNUSED_VARIABLE = YES;
				IPHONEOS_DEPLOYMENT_TARGET = 7.0;
				ONLY_ACTIVE_ARCH = YES;
				SDKROOT = iphoneos;
			};
			name = Debug;
		};
		5439FF5718861D97006CC0A7 /* Release */ = {
			isa = XCBuildConfiguration;
			buildSettings = {
				ALWAYS_SEARCH_USER_PATHS = NO;
				ARCHS = "$(ARCHS_STANDARD_INCLUDING_64_BIT)";
				CLANG_CXX_LANGUAGE_STANDARD = "gnu++0x";
				CLANG_CXX_LIBRARY = "libc++";
				CLANG_ENABLE_MODULES = YES;
				CLANG_ENABLE_OBJC_ARC = YES;
				CLANG_WARN_BOOL_CONVERSION = YES;
				CLANG_WARN_CONSTANT_CONVERSION = YES;
				CLANG_WARN_DIRECT_OBJC_ISA_USAGE = YES_ERROR;
				CLANG_WARN_EMPTY_BODY = YES;
				CLANG_WARN_ENUM_CONVERSION = YES;
				CLANG_WARN_INT_CONVERSION = YES;
				CLANG_WARN_OBJC_ROOT_CLASS = YES_ERROR;
				CLANG_WARN__DUPLICATE_METHOD_MATCH = YES;
				"CODE_SIGN_IDENTITY[sdk=iphoneos*]" = "iPhone Developer";
				COPY_PHASE_STRIP = YES;
				ENABLE_NS_ASSERTIONS = NO;
				GCC_C_LANGUAGE_STANDARD = gnu99;
				GCC_WARN_64_TO_32_BIT_CONVERSION = YES;
				GCC_WARN_ABOUT_RETURN_TYPE = YES_ERROR;
				GCC_WARN_UNDECLARED_SELECTOR = YES;
				GCC_WARN_UNINITIALIZED_AUTOS = YES;
				GCC_WARN_UNUSED_FUNCTION = YES;
				GCC_WARN_UNUSED_VARIABLE = YES;
				IPHONEOS_DEPLOYMENT_TARGET = 7.0;
				SDKROOT = iphoneos;
				VALIDATE_PRODUCT = YES;
			};
			name = Release;
		};
		5439FF5918861D97006CC0A7 /* Debug */ = {
			isa = XCBuildConfiguration;
			buildSettings = {
				ASSETCATALOG_COMPILER_APPICON_NAME = AppIcon;
				ASSETCATALOG_COMPILER_LAUNCHIMAGE_NAME = LaunchImage;
				CODE_SIGN_IDENTITY = "iPhone Developer";
				"CODE_SIGN_IDENTITY[sdk=iphoneos*]" = "iPhone Developer";
				GCC_PRECOMPILE_PREFIX_HEADER = YES;
				GCC_PREFIX_HEADER = "Matchismo/Matchismo-Prefix.pch";
				INFOPLIST_FILE = "Matchismo/Matchismo-Info.plist";
				PRODUCT_NAME = "$(TARGET_NAME)";
				PROVISIONING_PROFILE = "";
				WRAPPER_EXTENSION = app;
			};
			name = Debug;
		};
		5439FF5A18861D97006CC0A7 /* Release */ = {
			isa = XCBuildConfiguration;
			buildSettings = {
				ASSETCATALOG_COMPILER_APPICON_NAME = AppIcon;
				ASSETCATALOG_COMPILER_LAUNCHIMAGE_NAME = LaunchImage;
				CODE_SIGN_IDENTITY = "iPhone Developer";
				"CODE_SIGN_IDENTITY[sdk=iphoneos*]" = "iPhone Developer";
				GCC_PRECOMPILE_PREFIX_HEADER = YES;
				GCC_PREFIX_HEADER = "Matchismo/Matchismo-Prefix.pch";
				INFOPLIST_FILE = "Matchismo/Matchismo-Info.plist";
				PRODUCT_NAME = "$(TARGET_NAME)";
				PROVISIONING_PROFILE = "";
				WRAPPER_EXTENSION = app;
			};
			name = Release;
		};
		5439FF5C18861D97006CC0A7 /* Debug */ = {
			isa = XCBuildConfiguration;
			buildSettings = {
				ARCHS = "$(ARCHS_STANDARD_INCLUDING_64_BIT)";
				BUNDLE_LOADER = "$(BUILT_PRODUCTS_DIR)/Matchismo.app/Matchismo";
				FRAMEWORK_SEARCH_PATHS = (
					"$(SDKROOT)/Developer/Library/Frameworks",
					"$(inherited)",
					"$(DEVELOPER_FRAMEWORKS_DIR)",
				);
				GCC_PRECOMPILE_PREFIX_HEADER = YES;
				GCC_PREFIX_HEADER = "Matchismo/Matchismo-Prefix.pch";
				GCC_PREPROCESSOR_DEFINITIONS = (
					"DEBUG=1",
					"$(inherited)",
				);
				INFOPLIST_FILE = "MatchismoTests/MatchismoTests-Info.plist";
				PRODUCT_NAME = "$(TARGET_NAME)";
				TEST_HOST = "$(BUNDLE_LOADER)";
				WRAPPER_EXTENSION = xctest;
			};
			name = Debug;
		};
		5439FF5D18861D97006CC0A7 /* Release */ = {
			isa = XCBuildConfiguration;
			buildSettings = {
				ARCHS = "$(ARCHS_STANDARD_INCLUDING_64_BIT)";
				BUNDLE_LOADER = "$(BUILT_PRODUCTS_DIR)/Matchismo.app/Matchismo";
				FRAMEWORK_SEARCH_PATHS = (
					"$(SDKROOT)/Developer/Library/Frameworks",
					"$(inherited)",
					"$(DEVELOPER_FRAMEWORKS_DIR)",
				);
				GCC_PRECOMPILE_PREFIX_HEADER = YES;
				GCC_PREFIX_HEADER = "Matchismo/Matchismo-Prefix.pch";
				INFOPLIST_FILE = "MatchismoTests/MatchismoTests-Info.plist";
				PRODUCT_NAME = "$(TARGET_NAME)";
				TEST_HOST = "$(BUNDLE_LOADER)";
				WRAPPER_EXTENSION = xctest;
			};
			name = Release;
		};
/* End XCBuildConfiguration section */

/* Begin XCConfigurationList section */
		5439FF2118861D96006CC0A7 /* Build configuration list for PBXProject "Matchismo" */ = {
			isa = XCConfigurationList;
			buildConfigurations = (
				5439FF5618861D97006CC0A7 /* Debug */,
				5439FF5718861D97006CC0A7 /* Release */,
			);
			defaultConfigurationIsVisible = 0;
			defaultConfigurationName = Release;
		};
		5439FF5818861D97006CC0A7 /* Build configuration list for PBXNativeTarget "Matchismo" */ = {
			isa = XCConfigurationList;
			buildConfigurations = (
				5439FF5918861D97006CC0A7 /* Debug */,
				5439FF5A18861D97006CC0A7 /* Release */,
			);
			defaultConfigurationIsVisible = 0;
			defaultConfigurationName = Release;
		};
		5439FF5B18861D97006CC0A7 /* Build configuration list for PBXNativeTarget "MatchismoTests" */ = {
			isa = XCConfigurationList;
			buildConfigurations = (
				5439FF5C18861D97006CC0A7 /* Debug */,
				5439FF5D18861D97006CC0A7 /* Release */,
			);
			defaultConfigurationIsVisible = 0;
			defaultConfigurationName = Release;
		};
/* End XCConfigurationList section */
	};
	rootObject = 5439FF1E18861D96006CC0A7 /* Project object */;
}
